# This file is automatically @generated by Cargo.
# It is not intended for manual editing.
version = 3

[[package]]
name = "simple-reversi"
version = "0.1.0"
dependencies = [
 "small-rngs",
]

[[package]]
name = "small-rngs"
version = "0.0.1"
source = "registry+https://github.com/rust-lang/crates.io-index"
checksum = "7d0c561fdfd9e1243e07c06e97115e258bf301625844ae131eb2dba739d7bb97"
